// !$*UTF8*$!
{
	archiveVersion = 1;
	classes = {
	};
	objectVersion = 46;
	objects = {

/* Begin PBXBuildFile section */
		D8956B0C1F116C5D007D72CE /* AppDelegate.swift in Sources */ = {isa = PBXBuildFile; fileRef = D8956B0B1F116C5D007D72CE /* AppDelegate.swift */; };
		D8956B0E1F116C5D007D72CE /* ViewController.swift in Sources */ = {isa = PBXBuildFile; fileRef = D8956B0D1F116C5D007D72CE /* ViewController.swift */; };
		D8956B101F116C5D007D72CE /* Assets.xcassets in Resources */ = {isa = PBXBuildFile; fileRef = D8956B0F1F116C5D007D72CE /* Assets.xcassets */; };
		D8956B131F116C5D007D72CE /* Main.storyboard in Resources */ = {isa = PBXBuildFile; fileRef = D8956B111F116C5D007D72CE /* Main.storyboard */; };
		D8956B1E1F116C5D007D72CE /* Time_Yo_EggTests.swift in Sources */ = {isa = PBXBuildFile; fileRef = D8956B1D1F116C5D007D72CE /* Time_Yo_EggTests.swift */; };
/* End PBXBuildFile section */

/* Begin PBXContainerItemProxy section */
		D8956B1A1F116C5D007D72CE /* PBXContainerItemProxy */ = {
			isa = PBXContainerItemProxy;
			containerPortal = D8956B001F116C5D007D72CE /* Project object */;
			proxyType = 1;
			remoteGlobalIDString = D8956B071F116C5D007D72CE;
			remoteInfo = "Time Yo Egg";
		};
/* End PBXContainerItemProxy section */

/* Begin PBXFileReference section */
		D8956B081F116C5D007D72CE /* Time Yo Egg.app */ = {isa = PBXFileReference; explicitFileType = wrapper.application; includeInIndex = 0; path = "Time Yo Egg.app"; sourceTree = BUILT_PRODUCTS_DIR; };
		D8956B0B1F116C5D007D72CE /* AppDelegate.swift */ = {isa = PBXFileReference; lastKnownFileType = sourcecode.swift; path = AppDelegate.swift; sourceTree = "<group>"; };
		D8956B0D1F116C5D007D72CE /* ViewController.swift */ = {isa = PBXFileReference; lastKnownFileType = sourcecode.swift; path = ViewController.swift; sourceTree = "<group>"; };
		D8956B0F1F116C5D007D72CE /* Assets.xcassets */ = {isa = PBXFileReference; lastKnownFileType = folder.assetcatalog; path = Assets.xcassets; sourceTree = "<group>"; };
		D8956B121F116C5D007D72CE /* Base */ = {isa = PBXFileReference; lastKnownFileType = file.storyboard; name = Base; path = Base.lproj/Main.storyboard; sourceTree = "<group>"; };
		D8956B141F116C5D007D72CE /* Info.plist */ = {isa = PBXFileReference; lastKnownFileType = text.plist.xml; path = Info.plist; sourceTree = "<group>"; };
		D8956B191F116C5D007D72CE /* Time Yo EggTests.xctest */ = {isa = PBXFileReference; explicitFileType = wrapper.cfbundle; includeInIndex = 0; path = "Time Yo EggTests.xctest"; sourceTree = BUILT_PRODUCTS_DIR; };
		D8956B1D1F116C5D007D72CE /* Time_Yo_EggTests.swift */ = {isa = PBXFileReference; lastKnownFileType = sourcecode.swift; path = Time_Yo_EggTests.swift; sourceTree = "<group>"; };
		D8956B1F1F116C5D007D72CE /* Info.plist */ = {isa = PBXFileReference; lastKnownFileType = text.plist.xml; path = Info.plist; sourceTree = "<group>"; };
/* End PBXFileReference section */

/* Begin PBXFrameworksBuildPhase section */
		D8956B051F116C5D007D72CE /* Frameworks */ = {
			isa = PBXFrameworksBuildPhase;
			buildActionMask = 2147483647;
			files = (
			);
			runOnlyForDeploymentPostprocessing = 0;
		};
		D8956B161F116C5D007D72CE /* Frameworks */ = {
			isa = PBXFrameworksBuildPhase;
			buildActionMask = 2147483647;
			files = (
			);
			runOnlyForDeploymentPostprocessing = 0;
		};
/* End PBXFrameworksBuildPhase section */

/* Begin PBXGroup section */
		D8956AFF1F116C5D007D72CE = {
			isa = PBXGroup;
			children = (
				D8956B0A1F116C5D007D72CE /* Time Yo Egg */,
				D8956B1C1F116C5D007D72CE /* Time Yo EggTests */,
				D8956B091F116C5D007D72CE /* Products */,
			);
			sourceTree = "<group>";
		};
		D8956B091F116C5D007D72CE /* Products */ = {
			isa = PBXGroup;
			children = (
				D8956B081F116C5D007D72CE /* Time Yo Egg.app */,
				D8956B191F116C5D007D72CE /* Time Yo EggTests.xctest */,
			);
			name = Products;
			sourceTree = "<group>";
		};
		D8956B0A1F116C5D007D72CE /* Time Yo Egg */ = {
			isa = PBXGroup;
			children = (
				D8956B0B1F116C5D007D72CE /* AppDelegate.swift */,
				D8956B0D1F116C5D007D72CE /* ViewController.swift */,
				D8956B0F1F116C5D007D72CE /* Assets.xcassets */,
				D8956B111F116C5D007D72CE /* Main.storyboard */,
				D8956B141F116C5D007D72CE /* Info.plist */,
			);
			path = "Time Yo Egg";
			sourceTree = "<group>";
		};
		D8956B1C1F116C5D007D72CE /* Time Yo EggTests */ = {
			isa = PBXGroup;
			children = (
				D8956B1D1F116C5D007D72CE /* Time_Yo_EggTests.swift */,
				D8956B1F1F116C5D007D72CE /* Info.plist */,
			);
			path = "Time Yo EggTests";
			sourceTree = "<group>";
		};
/* End PBXGroup section */

/* Begin PBXNativeTarget section */
		D8956B071F116C5D007D72CE /* Time Yo Egg */ = {
			isa = PBXNativeTarget;
			buildConfigurationList = D8956B221F116C5D007D72CE /* Build configuration list for PBXNativeTarget "Time Yo Egg" */;
			buildPhases = (
				D8956B041F116C5D007D72CE /* Sources */,
				D8956B051F116C5D007D72CE /* Frameworks */,
				D8956B061F116C5D007D72CE /* Resources */,
			);
			buildRules = (
			);
			dependencies = (
			);
			name = "Time Yo Egg";
			productName = "Time Yo Egg";
			productReference = D8956B081F116C5D007D72CE /* Time Yo Egg.app */;
			productType = "com.apple.product-type.application";
		};
		D8956B181F116C5D007D72CE /* Time Yo EggTests */ = {
			isa = PBXNativeTarget;
			buildConfigurationList = D8956B251F116C5D007D72CE /* Build configuration list for PBXNativeTarget "Time Yo EggTests" */;
			buildPhases = (
				D8956B151F116C5D007D72CE /* Sources */,
				D8956B161F116C5D007D72CE /* Frameworks */,
				D8956B171F116C5D007D72CE /* Resources */,
			);
			buildRules = (
			);
			dependencies = (
				D8956B1B1F116C5D007D72CE /* PBXTargetDependency */,
			);
			name = "Time Yo EggTests";
			productName = "Time Yo EggTests";
			productReference = D8956B191F116C5D007D72CE /* Time Yo EggTests.xctest */;
			productType = "com.apple.product-type.bundle.unit-test";
		};
/* End PBXNativeTarget section */

/* Begin PBXProject section */
		D8956B001F116C5D007D72CE /* Project object */ = {
			isa = PBXProject;
			attributes = {
				LastSwiftUpdateCheck = 0830;
				LastUpgradeCheck = 0830;
				ORGANIZATIONNAME = vince;
				TargetAttributes = {
					D8956B071F116C5D007D72CE = {
						CreatedOnToolsVersion = 8.3.3;
						DevelopmentTeam = 6HZFYV4ZLM;
						ProvisioningStyle = Automatic;
					};
					D8956B181F116C5D007D72CE = {
						CreatedOnToolsVersion = 8.3.3;
						DevelopmentTeam = 6HZFYV4ZLM;
						ProvisioningStyle = Automatic;
						TestTargetID = D8956B071F116C5D007D72CE;
					};
				};
			};
			buildConfigurationList = D8956B031F116C5D007D72CE /* Build configuration list for PBXProject "Time Yo Egg" */;
			compatibilityVersion = "Xcode 3.2";
			developmentRegion = English;
			hasScannedForEncodings = 0;
			knownRegions = (
				en,
				Base,
			);
			mainGroup = D8956AFF1F116C5D007D72CE;
			productRefGroup = D8956B091F116C5D007D72CE /* Products */;
			projectDirPath = "";
			projectRoot = "";
			targets = (
				D8956B071F116C5D007D72CE /* Time Yo Egg */,
				D8956B181F116C5D007D72CE /* Time Yo EggTests */,
			);
		};
/* End PBXProject section */

/* Begin PBXResourcesBuildPhase section */
		D8956B061F116C5D007D72CE /* Resources */ = {
			isa = PBXResourcesBuildPhase;
			buildActionMask = 2147483647;
			files = (
				D8956B101F116C5D007D72CE /* Assets.xcassets in Resources */,
				D8956B131F116C5D007D72CE /* Main.storyboard in Resources */,
			);
			runOnlyForDeploymentPostprocessing = 0;
		};
		D8956B171F116C5D007D72CE /* Resources */ = {
			isa = PBXResourcesBuildPhase;
			buildActionMask = 2147483647;
			files = (
			);
			runOnlyForDeploymentPostprocessing = 0;
		};
/* End PBXResourcesBuildPhase section */

/* Begin PBXSourcesBuildPhase section */
		D8956B041F116C5D007D72CE /* Sources */ = {
			isa = PBXSourcesBuildPhase;
			buildActionMask = 2147483647;
			files = (
				D8956B0E1F116C5D007D72CE /* ViewController.swift in Sources */,
				D8956B0C1F116C5D007D72CE /* AppDelegate.swift in Sources */,
			);
			runOnlyForDeploymentPostprocessing = 0;
		};
		D8956B151F116C5D007D72CE /* Sources */ = {
			isa = PBXSourcesBuildPhase;
			buildActionMask = 2147483647;
			files = (
				D8956B1E1F116C5D007D72CE /* Time_Yo_EggTests.swift in Sources */,
			);
			runOnlyForDeploymentPostprocessing = 0;
		};
/* End PBXSourcesBuildPhase section */

/* Begin PBXTargetDependency section */
		D8956B1B1F116C5D007D72CE /* PBXTargetDependency */ = {
			isa = PBXTargetDependency;
			target = D8956B071F116C5D007D72CE /* Time Yo Egg */;
			targetProxy = D8956B1A1F116C5D007D72CE /* PBXContainerItemProxy */;
		};
/* End PBXTargetDependency section */

/* Begin PBXVariantGroup section */
		D8956B111F116C5D007D72CE /* Main.storyboard */ = {
			isa = PBXVariantGroup;
			children = (
				D8956B121F116C5D007D72CE /* Base */,
			);
			name = Main.storyboard;
			sourceTree = "<group>";
		};
/* End PBXVariantGroup section */

/* Begin XCBuildConfiguration section */
		D8956B201F116C5D007D72CE /* Debug */ = {
			isa = XCBuildConfiguration;
			buildSettings = {
				ALWAYS_SEARCH_USER_PATHS = NO;
				CLANG_ANALYZER_NONNULL = YES;
				CLANG_ANALYZER_NUMBER_OBJECT_CONVERSION = YES_AGGRESSIVE;
				CLANG_CXX_LANGUAGE_STANDARD = "gnu++0x";
				CLANG_CXX_LIBRARY = "libc++";
				CLANG_ENABLE_MODULES = YES;
				CLANG_ENABLE_OBJC_ARC = YES;
				CLANG_WARN_BOOL_CONVERSION = YES;
				CLANG_WARN_CONSTANT_CONVERSION = YES;
				CLANG_WARN_DIRECT_OBJC_ISA_USAGE = YES_ERROR;
				CLANG_WARN_DOCUMENTATION_COMMENTS = YES;
				CLANG_WARN_EMPTY_BODY = YES;
				CLANG_WARN_ENUM_CONVERSION = YES;
				CLANG_WARN_INFINITE_RECURSION = YES;
				CLANG_WARN_INT_CONVERSION = YES;
				CLANG_WARN_OBJC_ROOT_CLASS = YES_ERROR;
				CLANG_WARN_SUSPICIOUS_MOVE = YES;
				CLANG_WARN_UNREACHABLE_CODE = YES;
				CLANG_WARN__DUPLICATE_METHOD_MATCH = YES;
				CODE_SIGN_IDENTITY = "-";
				COPY_PHASE_STRIP = NO;
				DEBUG_INFORMATION_FORMAT = dwarf;
				ENABLE_STRICT_OBJC_MSGSEND = YES;
				ENABLE_TESTABILITY = YES;
				GCC_C_LANGUAGE_STANDARD = gnu99;
				GCC_DYNAMIC_NO_PIC = NO;
				GCC_NO_COMMON_BLOCKS = YES;
				GCC_OPTIMIZATION_LEVEL = 0;
				GCC_PREPROCESSOR_DEFINITIONS = (
					"DEBUG=1",
					"$(inherited)",
				);
				GCC_WARN_64_TO_32_BIT_CONVERSION = YES;
				GCC_WARN_ABOUT_RETURN_TYPE = YES_ERROR;
				GCC_WARN_UNDECLARED_SELECTOR = YES;
				GCC_WARN_UNINITIALIZED_AUTOS = YES_AGGRESSIVE;
				GCC_WARN_UNUSED_FUNCTION = YES;
				GCC_WARN_UNUSED_VARIABLE = YES;
				MACOSX_DEPLOYMENT_TARGET = 10.12;
				MTL_ENABLE_DEBUG_INFO = YES;
				ONLY_ACTIVE_ARCH = YES;
				SDKROOT = macosx;
				SWIFT_ACTIVE_COMPILATION_CONDITIONS = DEBUG;
				SWIFT_OPTIMIZATION_LEVEL = "-Onone";
			};
			name = Debug;
		};
		D8956B211F116C5D007D72CE /* Release */ = {
			isa = XCBuildConfiguration;
			buildSettings = {
				ALWAYS_SEARCH_USER_PATHS = NO;
				CLANG_ANALYZER_NONNULL = YES;
				CLANG_ANALYZER_NUMBER_OBJECT_CONVERSION = YES_AGGRESSIVE;
				CLANG_CXX_LANGUAGE_STANDARD = "gnu++0x";
				CLANG_CXX_LIBRARY = "libc++";
				CLANG_ENABLE_MODULES = YES;
				CLANG_ENABLE_OBJC_ARC = YES;
				CLANG_WARN_BOOL_CONVERSION = YES;
				CLANG_WARN_CONSTANT_CONVERSION = YES;
				CLANG_WARN_DIRECT_OBJC_ISA_USAGE = YES_ERROR;
				CLANG_WARN_DOCUMENTATION_COMMENTS = YES;
				CLANG_WARN_EMPTY_BODY = YES;
				CLANG_WARN_ENUM_CONVERSION = YES;
				CLANG_WARN_INFINITE_RECURSION = YES;
				CLANG_WARN_INT_CONVERSION = YES;
				CLANG_WARN_OBJC_ROOT_CLASS = YES_ERROR;
				CLANG_WARN_SUSPICIOUS_MOVE = YES;
				CLANG_WARN_UNREACHABLE_CODE = YES;
				CLANG_WARN__DUPLICATE_METHOD_MATCH = YES;
				CODE_SIGN_IDENTITY = "-";
				COPY_PHASE_STRIP = NO;
				DEBUG_INFORMATION_FORMAT = "dwarf-with-dsym";
				ENABLE_NS_ASSERTIONS = NO;
				ENABLE_STRICT_OBJC_MSGSEND = YES;
				GCC_C_LANGUAGE_STANDARD = gnu99;
				GCC_NO_COMMON_BLOCKS = YES;
				GCC_WARN_64_TO_32_BIT_CONVERSION = YES;
				GCC_WARN_ABOUT_RETURN_TYPE = YES_ERROR;
				GCC_WARN_UNDECLARED_SELECTOR = YES;
				GCC_WARN_UNINITIALIZED_AUTOS = YES_AGGRESSIVE;
				GCC_WARN_UNUSED_FUNCTION = YES;
				GCC_WARN_UNUSED_VARIABLE = YES;
				MACOSX_DEPLOYMENT_TARGET = 10.12;
				MTL_ENABLE_DEBUG_INFO = NO;
				SDKROOT = macosx;
				SWIFT_OPTIMIZATION_LEVEL = "-Owholemodule";
			};
			name = Release;
		};
		D8956B231F116C5D007D72CE /* Debug */ = {
			isa = XCBuildConfiguration;
			buildSettings = {
				ASSETCATALOG_COMPILER_APPICON_NAME = AppIcon;
				COMBINE_HIDPI_IMAGES = YES;
				DEVELOPMENT_TEAM = 6HZFYV4ZLM;
				INFOPLIST_FILE = "Time Yo Egg/Info.plist";
				LD_RUNPATH_SEARCH_PATHS = "$(inherited) @executable_path/../Frameworks";
				PRODUCT_BUNDLE_IDENTIFIER = "com.vince.Time-Yo-Egg";
				PRODUCT_NAME = "$(TARGET_NAME)";
				SWIFT_VERSION = 3.0;
			};
			name = Debug;
		};
		D8956B241F116C5D007D72CE /* Release */ = {
			isa = XCBuildConfiguration;
			buildSettings = {
				ASSETCATALOG_COMPILER_APPICON_NAME = AppIcon;
				COMBINE_HIDPI_IMAGES = YES;
				DEVELOPMENT_TEAM = 6HZFYV4ZLM;
				INFOPLIST_FILE = "Time Yo Egg/Info.plist";
				LD_RUNPATH_SEARCH_PATHS = "$(inherited) @executable_path/../Frameworks";
				PRODUCT_BUNDLE_IDENTIFIER = "com.vince.Time-Yo-Egg";
				PRODUCT_NAME = "$(TARGET_NAME)";
				SWIFT_VERSION = 3.0;
			};
			name = Release;
		};
		D8956B261F116C5D007D72CE /* Debug */ = {
			isa = XCBuildConfiguration;
			buildSettings = {
				ALWAYS_EMBED_SWIFT_STANDARD_LIBRARIES = YES;
				BUNDLE_LOADER = "$(TEST_HOST)";
				COMBINE_HIDPI_IMAGES = YES;
				DEVELOPMENT_TEAM = 6HZFYV4ZLM;
				INFOPLIST_FILE = "Time Yo EggTests/Info.plist";
				LD_RUNPATH_SEARCH_PATHS = "$(inherited) @executable_path/../Frameworks @loader_path/../Frameworks";
				PRODUCT_BUNDLE_IDENTIFIER = "com.vince.Time-Yo-EggTests";
				PRODUCT_NAME = "$(TARGET_NAME)";
				SWIFT_VERSION = 3.0;
				TEST_HOST = "$(BUILT_PRODUCTS_DIR)/Time Yo Egg.app/Contents/MacOS/Time Yo Egg";
			};
			name = Debug;
		};
		D8956B271F116C5D007D72CE /* Release */ = {
			isa = XCBuildConfiguration;
			buildSettings = {
				ALWAYS_EMBED_SWIFT_STANDARD_LIBRARIES = YES;
				BUNDLE_LOADER = "$(TEST_HOST)";
				COMBINE_HIDPI_IMAGES = YES;
				DEVELOPMENT_TEAM = 6HZFYV4ZLM;
				INFOPLIST_FILE = "Time Yo EggTests/Info.plist";
				LD_RUNPATH_SEARCH_PATHS = "$(inherited) @executable_path/../Frameworks @loader_path/../Frameworks";
				PRODUCT_BUNDLE_IDENTIFIER = "com.vince.Time-Yo-EggTests";
				PRODUCT_NAME = "$(TARGET_NAME)";
				SWIFT_VERSION = 3.0;
				TEST_HOST = "$(BUILT_PRODUCTS_DIR)/Time Yo Egg.app/Contents/MacOS/Time Yo Egg";
			};
			name = Release;
		};
/* End XCBuildConfiguration section */

/* Begin XCConfigurationList section */
		D8956B031F116C5D007D72CE /* Build configuration list for PBXProject "Time Yo Egg" */ = {
			isa = XCConfigurationList;
			buildConfigurations = (
				D8956B201F116C5D007D72CE /* Debug */,
				D8956B211F116C5D007D72CE /* Release */,
			);
			defaultConfigurationIsVisible = 0;
			defaultConfigurationName = Release;
		};
		D8956B221F116C5D007D72CE /* Build configuration list for PBXNativeTarget "Time Yo Egg" */ = {
			isa = XCConfigurationList;
			buildConfigurations = (
				D8956B231F116C5D007D72CE /* Debug */,
				D8956B241F116C5D007D72CE /* Release */,
			);
			defaultConfigurationIsVisible = 0;
		};
		D8956B251F116C5D007D72CE /* Build configuration list for PBXNativeTarget "Time Yo EggTests" */ = {
			isa = XCConfigurationList;
			buildConfigurations = (
				D8956B261F116C5D007D72CE /* Debug */,
				D8956B271F116C5D007D72CE /* Release */,
			);
			defaultConfigurationIsVisible = 0;
		};
/* End XCConfigurationList section */
	};
	rootObject = D8956B001F116C5D007D72CE /* Project object */;
}
